// !$*UTF8*$!
{
	archiveVersion = 1;
	classes = {
	};
	objectVersion = 50;
	objects = {

/* Begin PBXBuildFile section */
		3AA8209322BAD85A0062B172 /* AppDelegate.swift in Sources */ = {isa = PBXBuildFile; fileRef = 3AA8209222BAD85A0062B172 /* AppDelegate.swift */; };
		3AA8209822BAD85A0062B172 /* Main.storyboard in Resources */ = {isa = PBXBuildFile; fileRef = 3AA8209622BAD85A0062B172 /* Main.storyboard */; };
		3AA8209B22BAD85A0062B172 /* TaskTracking.xcdatamodeld in Sources */ = {isa = PBXBuildFile; fileRef = 3AA8209922BAD85A0062B172 /* TaskTracking.xcdatamodeld */; };
		3AA8209D22BAD85C0062B172 /* Assets.xcassets in Resources */ = {isa = PBXBuildFile; fileRef = 3AA8209C22BAD85C0062B172 /* Assets.xcassets */; };
		3AA820A022BAD85C0062B172 /* LaunchScreen.storyboard in Resources */ = {isa = PBXBuildFile; fileRef = 3AA8209E22BAD85C0062B172 /* LaunchScreen.storyboard */; };
		3AA820AB22BADF190062B172 /* TaskListTableViewController.swift in Sources */ = {isa = PBXBuildFile; fileRef = 3AA820AA22BADF190062B172 /* TaskListTableViewController.swift */; };
		3AA820AE22BADF890062B172 /* TaskDetailTableViewController.swift in Sources */ = {isa = PBXBuildFile; fileRef = 3AA820AD22BADF890062B172 /* TaskDetailTableViewController.swift */; };
		3AA820B022BAE02D0062B172 /* CoreDataStack.swift in Sources */ = {isa = PBXBuildFile; fileRef = 3AA820AF22BAE02D0062B172 /* CoreDataStack.swift */; };
		3AA820B222BAE1F20062B172 /* Task + Convenience.swift in Sources */ = {isa = PBXBuildFile; fileRef = 3AA820B122BAE1F20062B172 /* Task + Convenience.swift */; };
		3AA820B422BAE40E0062B172 /* TaskController.swift in Sources */ = {isa = PBXBuildFile; fileRef = 3AA820B322BAE40E0062B172 /* TaskController.swift */; };
		3AA820B722BB0A420062B172 /* DateHelpers.swift in Sources */ = {isa = PBXBuildFile; fileRef = 3AA820B622BB0A420062B172 /* DateHelpers.swift */; };
		3AFFC35E22BC30FE0088ED9C /* ButtonTableViewCell.swift in Sources */ = {isa = PBXBuildFile; fileRef = 3AFFC35D22BC30FE0088ED9C /* ButtonTableViewCell.swift */; };
/* End PBXBuildFile section */

/* Begin PBXFileReference section */
		3AA8208F22BAD85A0062B172 /* TaskTracking.app */ = {isa = PBXFileReference; explicitFileType = wrapper.application; includeInIndex = 0; path = TaskTracking.app; sourceTree = BUILT_PRODUCTS_DIR; };
		3AA8209222BAD85A0062B172 /* AppDelegate.swift */ = {isa = PBXFileReference; lastKnownFileType = sourcecode.swift; path = AppDelegate.swift; sourceTree = "<group>"; };
		3AA8209722BAD85A0062B172 /* Base */ = {isa = PBXFileReference; lastKnownFileType = file.storyboard; name = Base; path = Base.lproj/Main.storyboard; sourceTree = "<group>"; };
		3AA8209A22BAD85A0062B172 /* TaskTracking.xcdatamodel */ = {isa = PBXFileReference; lastKnownFileType = wrapper.xcdatamodel; path = TaskTracking.xcdatamodel; sourceTree = "<group>"; };
		3AA8209C22BAD85C0062B172 /* Assets.xcassets */ = {isa = PBXFileReference; lastKnownFileType = folder.assetcatalog; path = Assets.xcassets; sourceTree = "<group>"; };
		3AA8209F22BAD85C0062B172 /* Base */ = {isa = PBXFileReference; lastKnownFileType = file.storyboard; name = Base; path = Base.lproj/LaunchScreen.storyboard; sourceTree = "<group>"; };
		3AA820A122BAD85C0062B172 /* Info.plist */ = {isa = PBXFileReference; lastKnownFileType = text.plist.xml; path = Info.plist; sourceTree = "<group>"; };
		3AA820AA22BADF190062B172 /* TaskListTableViewController.swift */ = {isa = PBXFileReference; lastKnownFileType = sourcecode.swift; path = TaskListTableViewController.swift; sourceTree = "<group>"; };
		3AA820AD22BADF890062B172 /* TaskDetailTableViewController.swift */ = {isa = PBXFileReference; lastKnownFileType = sourcecode.swift; path = TaskDetailTableViewController.swift; sourceTree = "<group>"; };
		3AA820AF22BAE02D0062B172 /* CoreDataStack.swift */ = {isa = PBXFileReference; lastKnownFileType = sourcecode.swift; path = CoreDataStack.swift; sourceTree = "<group>"; };
		3AA820B122BAE1F20062B172 /* Task + Convenience.swift */ = {isa = PBXFileReference; lastKnownFileType = sourcecode.swift; path = "Task + Convenience.swift"; sourceTree = "<group>"; };
		3AA820B322BAE40E0062B172 /* TaskController.swift */ = {isa = PBXFileReference; lastKnownFileType = sourcecode.swift; path = TaskController.swift; sourceTree = "<group>"; };
		3AA820B622BB0A420062B172 /* DateHelpers.swift */ = {isa = PBXFileReference; lastKnownFileType = sourcecode.swift; path = DateHelpers.swift; sourceTree = "<group>"; };
		3AFFC35D22BC30FE0088ED9C /* ButtonTableViewCell.swift */ = {isa = PBXFileReference; lastKnownFileType = sourcecode.swift; path = ButtonTableViewCell.swift; sourceTree = "<group>"; };
/* End PBXFileReference section */

/* Begin PBXFrameworksBuildPhase section */
		3AA8208C22BAD85A0062B172 /* Frameworks */ = {
			isa = PBXFrameworksBuildPhase;
			buildActionMask = 2147483647;
			files = (
			);
			runOnlyForDeploymentPostprocessing = 0;
		};
/* End PBXFrameworksBuildPhase section */

/* Begin PBXGroup section */
		3AA8208622BAD85A0062B172 = {
			isa = PBXGroup;
			children = (
				3AA8209122BAD85A0062B172 /* TaskTracking */,
				3AA8209022BAD85A0062B172 /* Products */,
			);
			sourceTree = "<group>";
		};
		3AA8209022BAD85A0062B172 /* Products */ = {
			isa = PBXGroup;
			children = (
				3AA8208F22BAD85A0062B172 /* TaskTracking.app */,
			);
			name = Products;
			sourceTree = "<group>";
		};
		3AA8209122BAD85A0062B172 /* TaskTracking */ = {
			isa = PBXGroup;
			children = (
				3AA820A722BAD91A0062B172 /* Resources */,
				3AA820A822BAD9250062B172 /* Views */,
				3AA820A922BAD92D0062B172 /* Models */,
				3AA820AC22BADF1C0062B172 /* View Controllers */,
				3AA820B522BAE4110062B172 /* Model Controllers */,
				3AFFC35D22BC30FE0088ED9C /* ButtonTableViewCell.swift */,
			);
			path = TaskTracking;
			sourceTree = "<group>";
		};
		3AA820A722BAD91A0062B172 /* Resources */ = {
			isa = PBXGroup;
			children = (
				3AA8209222BAD85A0062B172 /* AppDelegate.swift */,
				3AA8209C22BAD85C0062B172 /* Assets.xcassets */,
				3AA8209E22BAD85C0062B172 /* LaunchScreen.storyboard */,
				3AA820A122BAD85C0062B172 /* Info.plist */,
			);
			path = Resources;
			sourceTree = "<group>";
		};
		3AA820A822BAD9250062B172 /* Views */ = {
			isa = PBXGroup;
			children = (
				3AA8209622BAD85A0062B172 /* Main.storyboard */,
			);
			path = Views;
			sourceTree = "<group>";
		};
		3AA820A922BAD92D0062B172 /* Models */ = {
			isa = PBXGroup;
			children = (
				3AA8209922BAD85A0062B172 /* TaskTracking.xcdatamodeld */,
				3AA820AF22BAE02D0062B172 /* CoreDataStack.swift */,
				3AA820B122BAE1F20062B172 /* Task + Convenience.swift */,
				3AA820B622BB0A420062B172 /* DateHelpers.swift */,
			);
			path = Models;
			sourceTree = "<group>";
		};
		3AA820AC22BADF1C0062B172 /* View Controllers */ = {
			isa = PBXGroup;
			children = (
				3AA820AA22BADF190062B172 /* TaskListTableViewController.swift */,
				3AA820AD22BADF890062B172 /* TaskDetailTableViewController.swift */,
			);
			path = "View Controllers";
			sourceTree = "<group>";
		};
		3AA820B522BAE4110062B172 /* Model Controllers */ = {
			isa = PBXGroup;
			children = (
				3AA820B322BAE40E0062B172 /* TaskController.swift */,
			);
			path = "Model Controllers";
			sourceTree = "<group>";
		};
/* End PBXGroup section */

/* Begin PBXNativeTarget section */
		3AA8208E22BAD85A0062B172 /* TaskTracking */ = {
			isa = PBXNativeTarget;
			buildConfigurationList = 3AA820A422BAD85C0062B172 /* Build configuration list for PBXNativeTarget "TaskTracking" */;
			buildPhases = (
				3AA8208B22BAD85A0062B172 /* Sources */,
				3AA8208C22BAD85A0062B172 /* Frameworks */,
				3AA8208D22BAD85A0062B172 /* Resources */,
			);
			buildRules = (
			);
			dependencies = (
			);
			name = TaskTracking;
			productName = TaskTracking;
			productReference = 3AA8208F22BAD85A0062B172 /* TaskTracking.app */;
			productType = "com.apple.product-type.application";
		};
/* End PBXNativeTarget section */

/* Begin PBXProject section */
		3AA8208722BAD85A0062B172 /* Project object */ = {
			isa = PBXProject;
			attributes = {
				LastSwiftUpdateCheck = 1020;
				LastUpgradeCheck = 1020;
				ORGANIZATIONNAME = "Drew Seeholzer";
				TargetAttributes = {
					3AA8208E22BAD85A0062B172 = {
						CreatedOnToolsVersion = 10.2.1;
					};
				};
			};
			buildConfigurationList = 3AA8208A22BAD85A0062B172 /* Build configuration list for PBXProject "TaskTracking" */;
			compatibilityVersion = "Xcode 9.3";
			developmentRegion = en;
			hasScannedForEncodings = 0;
			knownRegions = (
				en,
				Base,
			);
			mainGroup = 3AA8208622BAD85A0062B172;
			productRefGroup = 3AA8209022BAD85A0062B172 /* Products */;
			projectDirPath = "";
			projectRoot = "";
			targets = (
				3AA8208E22BAD85A0062B172 /* TaskTracking */,
			);
		};
/* End PBXProject section */

/* Begin PBXResourcesBuildPhase section */
		3AA8208D22BAD85A0062B172 /* Resources */ = {
			isa = PBXResourcesBuildPhase;
			buildActionMask = 2147483647;
			files = (
				3AA820A022BAD85C0062B172 /* LaunchScreen.storyboard in Resources */,
				3AA8209D22BAD85C0062B172 /* Assets.xcassets in Resources */,
				3AA8209822BAD85A0062B172 /* Main.storyboard in Resources */,
			);
			runOnlyForDeploymentPostprocessing = 0;
		};
/* End PBXResourcesBuildPhase section */

/* Begin PBXSourcesBuildPhase section */
		3AA8208B22BAD85A0062B172 /* Sources */ = {
			isa = PBXSourcesBuildPhase;
			buildActionMask = 2147483647;
			files = (
				3AFFC35E22BC30FE0088ED9C /* ButtonTableViewCell.swift in Sources */,
				3AA820B422BAE40E0062B172 /* TaskController.swift in Sources */,
				3AA820B022BAE02D0062B172 /* CoreDataStack.swift in Sources */,
				3AA820AB22BADF190062B172 /* TaskListTableViewController.swift in Sources */,
				3AA820B222BAE1F20062B172 /* Task + Convenience.swift in Sources */,
				3AA8209B22BAD85A0062B172 /* TaskTracking.xcdatamodeld in Sources */,
				3AA820B722BB0A420062B172 /* DateHelpers.swift in Sources */,
				3AA8209322BAD85A0062B172 /* AppDelegate.swift in Sources */,
				3AA820AE22BADF890062B172 /* TaskDetailTableViewController.swift in Sources */,
			);
			runOnlyForDeploymentPostprocessing = 0;
		};
/* End PBXSourcesBuildPhase section */

/* Begin PBXVariantGroup section */
		3AA8209622BAD85A0062B172 /* Main.storyboard */ = {
			isa = PBXVariantGroup;
			children = (
				3AA8209722BAD85A0062B172 /* Base */,
			);
			name = Main.storyboard;
			sourceTree = "<group>";
		};
		3AA8209E22BAD85C0062B172 /* LaunchScreen.storyboard */ = {
			isa = PBXVariantGroup;
			children = (
				3AA8209F22BAD85C0062B172 /* Base */,
			);
			name = LaunchScreen.storyboard;
			sourceTree = "<group>";
		};
/* End PBXVariantGroup section */

/* Begin XCBuildConfiguration section */
		3AA820A222BAD85C0062B172 /* Debug */ = {
			isa = XCBuildConfiguration;
			buildSettings = {
				ALWAYS_SEARCH_USER_PATHS = NO;
				CLANG_ANALYZER_NONNULL = YES;
				CLANG_ANALYZER_NUMBER_OBJECT_CONVERSION = YES_AGGRESSIVE;
				CLANG_CXX_LANGUAGE_STANDARD = "gnu++14";
				CLANG_CXX_LIBRARY = "libc++";
				CLANG_ENABLE_MODULES = YES;
				CLANG_ENABLE_OBJC_ARC = YES;
				CLANG_ENABLE_OBJC_WEAK = YES;
				CLANG_WARN_BLOCK_CAPTURE_AUTORELEASING = YES;
				CLANG_WARN_BOOL_CONVERSION = YES;
				CLANG_WARN_COMMA = YES;
				CLANG_WARN_CONSTANT_CONVERSION = YES;
				CLANG_WARN_DEPRECATED_OBJC_IMPLEMENTATIONS = YES;
				CLANG_WARN_DIRECT_OBJC_ISA_USAGE = YES_ERROR;
				CLANG_WARN_DOCUMENTATION_COMMENTS = YES;
				CLANG_WARN_EMPTY_BODY = YES;
				CLANG_WARN_ENUM_CONVERSION = YES;
				CLANG_WARN_INFINITE_RECURSION = YES;
				CLANG_WARN_INT_CONVERSION = YES;
				CLANG_WARN_NON_LITERAL_NULL_CONVERSION = YES;
				CLANG_WARN_OBJC_IMPLICIT_RETAIN_SELF = YES;
				CLANG_WARN_OBJC_LITERAL_CONVERSION = YES;
				CLANG_WARN_OBJC_ROOT_CLASS = YES_ERROR;
				CLANG_WARN_RANGE_LOOP_ANALYSIS = YES;
				CLANG_WARN_STRICT_PROTOTYPES = YES;
				CLANG_WARN_SUSPICIOUS_MOVE = YES;
				CLANG_WARN_UNGUARDED_AVAILABILITY = YES_AGGRESSIVE;
				CLANG_WARN_UNREACHABLE_CODE = YES;
				CLANG_WARN__DUPLICATE_METHOD_MATCH = YES;
				CODE_SIGN_IDENTITY = "iPhone Developer";
				COPY_PHASE_STRIP = NO;
				DEBUG_INFORMATION_FORMAT = dwarf;
				ENABLE_STRICT_OBJC_MSGSEND = YES;
				ENABLE_TESTABILITY = YES;
				GCC_C_LANGUAGE_STANDARD = gnu11;
				GCC_DYNAMIC_NO_PIC = NO;
				GCC_NO_COMMON_BLOCKS = YES;
				GCC_OPTIMIZATION_LEVEL = 0;
				GCC_PREPROCESSOR_DEFINITIONS = (
					"DEBUG=1",
					"$(inherited)",
				);
				GCC_WARN_64_TO_32_BIT_CONVERSION = YES;
				GCC_WARN_ABOUT_RETURN_TYPE = YES_ERROR;
				GCC_WARN_UNDECLARED_SELECTOR = YES;
				GCC_WARN_UNINITIALIZED_AUTOS = YES_AGGRESSIVE;
				GCC_WARN_UNUSED_FUNCTION = YES;
				GCC_WARN_UNUSED_VARIABLE = YES;
				IPHONEOS_DEPLOYMENT_TARGET = 12.2;
				MTL_ENABLE_DEBUG_INFO = INCLUDE_SOURCE;
				MTL_FAST_MATH = YES;
				ONLY_ACTIVE_ARCH = YES;
				SDKROOT = iphoneos;
				SWIFT_ACTIVE_COMPILATION_CONDITIONS = DEBUG;
				SWIFT_OPTIMIZATION_LEVEL = "-Onone";
			};
			name = Debug;
		};
		3AA820A322BAD85C0062B172 /* Release */ = {
			isa = XCBuildConfiguration;
			buildSettings = {
				ALWAYS_SEARCH_USER_PATHS = NO;
				CLANG_ANALYZER_NONNULL = YES;
				CLANG_ANALYZER_NUMBER_OBJECT_CONVERSION = YES_AGGRESSIVE;
				CLANG_CXX_LANGUAGE_STANDARD = "gnu++14";
				CLANG_CXX_LIBRARY = "libc++";
				CLANG_ENABLE_MODULES = YES;
				CLANG_ENABLE_OBJC_ARC = YES;
				CLANG_ENABLE_OBJC_WEAK = YES;
				CLANG_WARN_BLOCK_CAPTURE_AUTORELEASING = YES;
				CLANG_WARN_BOOL_CONVERSION = YES;
				CLANG_WARN_COMMA = YES;
				CLANG_WARN_CONSTANT_CONVERSION = YES;
				CLANG_WARN_DEPRECATED_OBJC_IMPLEMENTATIONS = YES;
				CLANG_WARN_DIRECT_OBJC_ISA_USAGE = YES_ERROR;
				CLANG_WARN_DOCUMENTATION_COMMENTS = YES;
				CLANG_WARN_EMPTY_BODY = YES;
				CLANG_WARN_ENUM_CONVERSION = YES;
				CLANG_WARN_INFINITE_RECURSION = YES;
				CLANG_WARN_INT_CONVERSION = YES;
				CLANG_WARN_NON_LITERAL_NULL_CONVERSION = YES;
				CLANG_WARN_OBJC_IMPLICIT_RETAIN_SELF = YES;
				CLANG_WARN_OBJC_LITERAL_CONVERSION = YES;
				CLANG_WARN_OBJC_ROOT_CLASS = YES_ERROR;
				CLANG_WARN_RANGE_LOOP_ANALYSIS = YES;
				CLANG_WARN_STRICT_PROTOTYPES = YES;
				CLANG_WARN_SUSPICIOUS_MOVE = YES;
				CLANG_WARN_UNGUARDED_AVAILABILITY = YES_AGGRESSIVE;
				CLANG_WARN_UNREACHABLE_CODE = YES;
				CLANG_WARN__DUPLICATE_METHOD_MATCH = YES;
				CODE_SIGN_IDENTITY = "iPhone Developer";
				COPY_PHASE_STRIP = NO;
				DEBUG_INFORMATION_FORMAT = "dwarf-with-dsym";
				ENABLE_NS_ASSERTIONS = NO;
				ENABLE_STRICT_OBJC_MSGSEND = YES;
				GCC_C_LANGUAGE_STANDARD = gnu11;
				GCC_NO_COMMON_BLOCKS = YES;
				GCC_WARN_64_TO_32_BIT_CONVERSION = YES;
				GCC_WARN_ABOUT_RETURN_TYPE = YES_ERROR;
				GCC_WARN_UNDECLARED_SELECTOR = YES;
				GCC_WARN_UNINITIALIZED_AUTOS = YES_AGGRESSIVE;
				GCC_WARN_UNUSED_FUNCTION = YES;
				GCC_WARN_UNUSED_VARIABLE = YES;
				IPHONEOS_DEPLOYMENT_TARGET = 12.2;
				MTL_ENABLE_DEBUG_INFO = NO;
				MTL_FAST_MATH = YES;
				SDKROOT = iphoneos;
				SWIFT_COMPILATION_MODE = wholemodule;
				SWIFT_OPTIMIZATION_LEVEL = "-O";
				VALIDATE_PRODUCT = YES;
			};
			name = Release;
		};
		3AA820A522BAD85C0062B172 /* Debug */ = {
			isa = XCBuildConfiguration;
			buildSettings = {
				ASSETCATALOG_COMPILER_APPICON_NAME = AppIcon;
				CODE_SIGN_STYLE = Automatic;
				DEVELOPMENT_TEAM = 49NKW8MQX9;
				INFOPLIST_FILE = "$(SRCROOT)/TaskTracking/Resources/Info.plist";
				LD_RUNPATH_SEARCH_PATHS = (
					"$(inherited)",
					"@executable_path/Frameworks",
				);
				PRODUCT_BUNDLE_IDENTIFIER = Uhhhh.TaskTracking;
				PRODUCT_NAME = "$(TARGET_NAME)";
				SWIFT_VERSION = 5.0;
				TARGETED_DEVICE_FAMILY = "1,2";
			};
			name = Debug;
		};
		3AA820A622BAD85C0062B172 /* Release */ = {
			isa = XCBuildConfiguration;
			buildSettings = {
				ASSETCATALOG_COMPILER_APPICON_NAME = AppIcon;
				CODE_SIGN_STYLE = Automatic;
				DEVELOPMENT_TEAM = 49NKW8MQX9;
				INFOPLIST_FILE = "$(SRCROOT)/TaskTracking/Resources/Info.plist";
				LD_RUNPATH_SEARCH_PATHS = (
					"$(inherited)",
					"@executable_path/Frameworks",
				);
				PRODUCT_BUNDLE_IDENTIFIER = Uhhhh.TaskTracking;
				PRODUCT_NAME = "$(TARGET_NAME)";
				SWIFT_VERSION = 5.0;
				TARGETED_DEVICE_FAMILY = "1,2";
			};
			name = Release;
		};
/* End XCBuildConfiguration section */

/* Begin XCConfigurationList section */
		3AA8208A22BAD85A0062B172 /* Build configuration list for PBXProject "TaskTracking" */ = {
			isa = XCConfigurationList;
			buildConfigurations = (
				3AA820A222BAD85C0062B172 /* Debug */,
				3AA820A322BAD85C0062B172 /* Release */,
			);
			defaultConfigurationIsVisible = 0;
			defaultConfigurationName = Release;
		};
		3AA820A422BAD85C0062B172 /* Build configuration list for PBXNativeTarget "TaskTracking" */ = {
			isa = XCConfigurationList;
			buildConfigurations = (
				3AA820A522BAD85C0062B172 /* Debug */,
				3AA820A622BAD85C0062B172 /* Release */,
			);
			defaultConfigurationIsVisible = 0;
			defaultConfigurationName = Release;
		};
/* End XCConfigurationList section */

/* Begin XCVersionGroup section */
		3AA8209922BAD85A0062B172 /* TaskTracking.xcdatamodeld */ = {
			isa = XCVersionGroup;
			children = (
				3AA8209A22BAD85A0062B172 /* TaskTracking.xcdatamodel */,
			);
			currentVersion = 3AA8209A22BAD85A0062B172 /* TaskTracking.xcdatamodel */;
			path = TaskTracking.xcdatamodeld;
			sourceTree = "<group>";
			versionGroupType = wrapper.xcdatamodel;
		};
/* End XCVersionGroup section */
	};
	rootObject = 3AA8208722BAD85A0062B172 /* Project object */;
}
